
Microsoft Visual Studio Solution File, Format Version 12.00
# Visual Studio Version 17
VisualStudioVersion = 17.1.32210.238
MinimumVisualStudioVersion = 10.0.40219.1
Project("{FAE04EC0-301F-11D3-BF4B-00C04F79EFBC}") = "Bubbleshort_A_1", "Bubbleshort_A_1\Bubbleshort_A_1.csproj", "{575AFD4C-43BE-465D-887B-469AE8F7BDDE}"
EndProject
Global
	GlobalSection(SolutionConfigurationPlatforms) = preSolution
		Debug|Any CPU = Debug|Any CPU
		Release|Any CPU = Release|Any CPU
	EndGlobalSection
	GlobalSection(ProjectConfigurationPlatforms) = postSolution
		{575AFD4C-43BE-465D-887B-469AE8F7BDDE}.Debug|Any CPU.ActiveCfg = Debug|Any CPU
		{575AFD4C-43BE-465D-887B-469AE8F7BDDE}.Debug|Any CPU.Build.0 = Debug|Any CPU
		{575AFD4C-43BE-465D-887B-469AE8F7BDDE}.Release|Any CPU.ActiveCfg = Release|Any CPU
		{575AFD4C-43BE-465D-887B-469AE8F7BDDE}.Release|Any CPU.Build.0 = Release|Any CPU
	EndGlobalSection
	GlobalSection(SolutionProperties) = preSolution
		HideSolutionNode = FALSE
	EndGlobalSection
	GlobalSection(ExtensibilityGlobals) = postSolution
		SolutionGuid = {2419AA4C-CF8C-4DBB-95EB-3EAF96677FCD}
	EndGlobalSection
EndGlobal
